
Microsoft Visual Studio Solution File, Format Version 12.00
# Visual Studio Version 16
VisualStudioVersion = 16.0.32602.290
MinimumVisualStudioVersion = 10.0.40219.1
Project("{FAE04EC0-301F-11D3-BF4B-00C04F79EFBC}") = "CapaPresentacionAdmin", "CapaPresentacionAdmin\CapaPresentacionAdmin.csproj", "{526F7CE2-11BA-4922-83BE-D98ACCA5D2B3}"
EndProject
Global
	GlobalSection(SolutionConfigurationPlatforms) = preSolution
		Debug|Any CPU = Debug|Any CPU
		Release|Any CPU = Release|Any CPU
	EndGlobalSection
	GlobalSection(ProjectConfigurationPlatforms) = postSolution
		{526F7CE2-11BA-4922-83BE-D98ACCA5D2B3}.Debug|Any CPU.ActiveCfg = Debug|Any CPU
		{526F7CE2-11BA-4922-83BE-D98ACCA5D2B3}.Debug|Any CPU.Build.0 = Debug|Any CPU
		{526F7CE2-11BA-4922-83BE-D98ACCA5D2B3}.Release|Any CPU.ActiveCfg = Release|Any CPU
		{526F7CE2-11BA-4922-83BE-D98ACCA5D2B3}.Release|Any CPU.Build.0 = Release|Any CPU
	EndGlobalSection
	GlobalSection(SolutionProperties) = preSolution
		HideSolutionNode = FALSE
	EndGlobalSection
	GlobalSection(ExtensibilityGlobals) = postSolution
		SolutionGuid = {80F3AE07-ABE8-4DF1-89F1-6224174E4953}
	EndGlobalSection
EndGlobal
